
Microsoft Visual Studio Solution File, Format Version 12.00
Project("{FAE04EC0-301F-11D3-BF4B-00C04F79EFBC}") = "WebChat.API", "WebChat.API\WebChat.API.csproj", "{E3EAEAF7-EE3A-4B88-B42B-F96FDB339787}"
EndProject
Project("{FAE04EC0-301F-11D3-BF4B-00C04F79EFBC}") = "WebChat.Application", "WebChat.Application\WebChat.Application.csproj", "{A6E6D07E-741C-4FA1-8CAF-1A87B35A16E6}"
EndProject
Project("{FAE04EC0-301F-11D3-BF4B-00C04F79EFBC}") = "WebChat.Domain", "WebChat.Domain\WebChat.Domain.csproj", "{0A82EC74-A197-4DFB-98DB-B554922B4588}"
EndProject
Project("{FAE04EC0-301F-11D3-BF4B-00C04F79EFBC}") = "WebChat.Infrastructure", "WebChat.Infrastructure\WebChat.Infrastructure.csproj", "{A4416D56-8945-4441-9E54-9DACBEFB4EF7}"
EndProject
Project("{2150E333-8FDC-42A3-9474-1A3956D46DE8}") = "Common", "Common", "{967B0D8A-016C-467B-837F-72D6BACA00F4}"
EndProject
Project("{2150E333-8FDC-42A3-9474-1A3956D46DE8}") = "Test", "Test", "{F42B8129-B245-42E7-A768-20DD34CF9EA8}"
EndProject
Project("{FAE04EC0-301F-11D3-BF4B-00C04F79EFBC}") = "WebChat.Common.Infrastructure", "Common\WebChat.Common.Infrastructure\WebChat.Common.Infrastructure.csproj", "{FAB00B00-1EE7-4C57-8B7B-85CDB4470F85}"
EndProject
Project("{FAE04EC0-301F-11D3-BF4B-00C04F79EFBC}") = "WebChat.Common.Application", "Common\WebChat.Common.Application\WebChat.Common.Application.csproj", "{25285991-8ADC-43E3-89DF-38AA780377D9}"
EndProject
Project("{FAE04EC0-301F-11D3-BF4B-00C04F79EFBC}") = "WebChat.Common.Domain", "Common\WebChat.Common.Domain\WebChat.Common.Domain.csproj", "{133AEFD9-A729-4789-9507-156409D0CF01}"
EndProject
Project("{FAE04EC0-301F-11D3-BF4B-00C04F79EFBC}") = "WebChat.Common.API", "Common\WebChat.Common.API\WebChat.Common.API.csproj", "{09EC18B9-9ECD-4259-951D-C21D07544C98}"
EndProject
Project("{FAE04EC0-301F-11D3-BF4B-00C04F79EFBC}") = "WebChat.Common.Test", "Common\WebChat.Common.Test\WebChat.Common.Test.csproj", "{87091D29-C81A-4368-8751-3617A5173B1B}"
EndProject
Project("{FAE04EC0-301F-11D3-BF4B-00C04F79EFBC}") = "WebChat.Test.Application", "Test\WebChat.Test.Application\WebChat.Test.Application.csproj", "{0E59EEC7-C5EB-4193-9761-BBADC8DFAF21}"
EndProject
Project("{FAE04EC0-301F-11D3-BF4B-00C04F79EFBC}") = "WebChat.Test.Domain", "Test\WebChat.Test.Domain\WebChat.Test.Domain.csproj", "{0E22D1E2-851E-45CE-9F83-0A2E4E80EF03}"
EndProject
Project("{FAE04EC0-301F-11D3-BF4B-00C04F79EFBC}") = "WebChat.Test.Infrastructure", "Test\WebChat.Test.Infrastructure\WebChat.Test.Infrastructure.csproj", "{678E1246-D65A-49D0-B5EF-23EF1A88A53D}"
EndProject
Project("{FAE04EC0-301F-11D3-BF4B-00C04F79EFBC}") = "WebChat.Test.API", "Test\WebChat.Test.API\WebChat.Test.API.csproj", "{FC880BA4-BF5C-4A71-AD1A-49BA83DC3EDA}"
EndProject
Global
	GlobalSection(SolutionConfigurationPlatforms) = preSolution
		Debug|Any CPU = Debug|Any CPU
		Release|Any CPU = Release|Any CPU
	EndGlobalSection
	GlobalSection(ProjectConfigurationPlatforms) = postSolution
		{E3EAEAF7-EE3A-4B88-B42B-F96FDB339787}.Debug|Any CPU.ActiveCfg = Debug|Any CPU
		{E3EAEAF7-EE3A-4B88-B42B-F96FDB339787}.Debug|Any CPU.Build.0 = Debug|Any CPU
		{E3EAEAF7-EE3A-4B88-B42B-F96FDB339787}.Release|Any CPU.ActiveCfg = Release|Any CPU
		{E3EAEAF7-EE3A-4B88-B42B-F96FDB339787}.Release|Any CPU.Build.0 = Release|Any CPU
		{A6E6D07E-741C-4FA1-8CAF-1A87B35A16E6}.Debug|Any CPU.ActiveCfg = Debug|Any CPU
		{A6E6D07E-741C-4FA1-8CAF-1A87B35A16E6}.Debug|Any CPU.Build.0 = Debug|Any CPU
		{A6E6D07E-741C-4FA1-8CAF-1A87B35A16E6}.Release|Any CPU.ActiveCfg = Release|Any CPU
		{A6E6D07E-741C-4FA1-8CAF-1A87B35A16E6}.Release|Any CPU.Build.0 = Release|Any CPU
		{0A82EC74-A197-4DFB-98DB-B554922B4588}.Debug|Any CPU.ActiveCfg = Debug|Any CPU
		{0A82EC74-A197-4DFB-98DB-B554922B4588}.Debug|Any CPU.Build.0 = Debug|Any CPU
		{0A82EC74-A197-4DFB-98DB-B554922B4588}.Release|Any CPU.ActiveCfg = Release|Any CPU
		{0A82EC74-A197-4DFB-98DB-B554922B4588}.Release|Any CPU.Build.0 = Release|Any CPU
		{A4416D56-8945-4441-9E54-9DACBEFB4EF7}.Debug|Any CPU.ActiveCfg = Debug|Any CPU
		{A4416D56-8945-4441-9E54-9DACBEFB4EF7}.Debug|Any CPU.Build.0 = Debug|Any CPU
		{A4416D56-8945-4441-9E54-9DACBEFB4EF7}.Release|Any CPU.ActiveCfg = Release|Any CPU
		{A4416D56-8945-4441-9E54-9DACBEFB4EF7}.Release|Any CPU.Build.0 = Release|Any CPU
		{FAB00B00-1EE7-4C57-8B7B-85CDB4470F85}.Debug|Any CPU.ActiveCfg = Debug|Any CPU
		{FAB00B00-1EE7-4C57-8B7B-85CDB4470F85}.Debug|Any CPU.Build.0 = Debug|Any CPU
		{FAB00B00-1EE7-4C57-8B7B-85CDB4470F85}.Release|Any CPU.ActiveCfg = Release|Any CPU
		{FAB00B00-1EE7-4C57-8B7B-85CDB4470F85}.Release|Any CPU.Build.0 = Release|Any CPU
		{25285991-8ADC-43E3-89DF-38AA780377D9}.Debug|Any CPU.ActiveCfg = Debug|Any CPU
		{25285991-8ADC-43E3-89DF-38AA780377D9}.Debug|Any CPU.Build.0 = Debug|Any CPU
		{25285991-8ADC-43E3-89DF-38AA780377D9}.Release|Any CPU.ActiveCfg = Release|Any CPU
		{25285991-8ADC-43E3-89DF-38AA780377D9}.Release|Any CPU.Build.0 = Release|Any CPU
		{133AEFD9-A729-4789-9507-156409D0CF01}.Debug|Any CPU.ActiveCfg = Debug|Any CPU
		{133AEFD9-A729-4789-9507-156409D0CF01}.Debug|Any CPU.Build.0 = Debug|Any CPU
		{133AEFD9-A729-4789-9507-156409D0CF01}.Release|Any CPU.ActiveCfg = Release|Any CPU
		{133AEFD9-A729-4789-9507-156409D0CF01}.Release|Any CPU.Build.0 = Release|Any CPU
		{09EC18B9-9ECD-4259-951D-C21D07544C98}.Debug|Any CPU.ActiveCfg = Debug|Any CPU
		{09EC18B9-9ECD-4259-951D-C21D07544C98}.Debug|Any CPU.Build.0 = Debug|Any CPU
		{09EC18B9-9ECD-4259-951D-C21D07544C98}.Release|Any CPU.ActiveCfg = Release|Any CPU
		{09EC18B9-9ECD-4259-951D-C21D07544C98}.Release|Any CPU.Build.0 = Release|Any CPU
		{87091D29-C81A-4368-8751-3617A5173B1B}.Debug|Any CPU.ActiveCfg = Debug|Any CPU
		{87091D29-C81A-4368-8751-3617A5173B1B}.Debug|Any CPU.Build.0 = Debug|Any CPU
		{87091D29-C81A-4368-8751-3617A5173B1B}.Release|Any CPU.ActiveCfg = Release|Any CPU
		{87091D29-C81A-4368-8751-3617A5173B1B}.Release|Any CPU.Build.0 = Release|Any CPU
		{0E59EEC7-C5EB-4193-9761-BBADC8DFAF21}.Debug|Any CPU.ActiveCfg = Debug|Any CPU
		{0E59EEC7-C5EB-4193-9761-BBADC8DFAF21}.Debug|Any CPU.Build.0 = Debug|Any CPU
		{0E59EEC7-C5EB-4193-9761-BBADC8DFAF21}.Release|Any CPU.ActiveCfg = Release|Any CPU
		{0E59EEC7-C5EB-4193-9761-BBADC8DFAF21}.Release|Any CPU.Build.0 = Release|Any CPU
		{0E22D1E2-851E-45CE-9F83-0A2E4E80EF03}.Debug|Any CPU.ActiveCfg = Debug|Any CPU
		{0E22D1E2-851E-45CE-9F83-0A2E4E80EF03}.Debug|Any CPU.Build.0 = Debug|Any CPU
		{0E22D1E2-851E-45CE-9F83-0A2E4E80EF03}.Release|Any CPU.ActiveCfg = Release|Any CPU
		{0E22D1E2-851E-45CE-9F83-0A2E4E80EF03}.Release|Any CPU.Build.0 = Release|Any CPU
		{678E1246-D65A-49D0-B5EF-23EF1A88A53D}.Debug|Any CPU.ActiveCfg = Debug|Any CPU
		{678E1246-D65A-49D0-B5EF-23EF1A88A53D}.Debug|Any CPU.Build.0 = Debug|Any CPU
		{678E1246-D65A-49D0-B5EF-23EF1A88A53D}.Release|Any CPU.ActiveCfg = Release|Any CPU
		{678E1246-D65A-49D0-B5EF-23EF1A88A53D}.Release|Any CPU.Build.0 = Release|Any CPU
		{FC880BA4-BF5C-4A71-AD1A-49BA83DC3EDA}.Debug|Any CPU.ActiveCfg = Debug|Any CPU
		{FC880BA4-BF5C-4A71-AD1A-49BA83DC3EDA}.Debug|Any CPU.Build.0 = Debug|Any CPU
		{FC880BA4-BF5C-4A71-AD1A-49BA83DC3EDA}.Release|Any CPU.ActiveCfg = Release|Any CPU
		{FC880BA4-BF5C-4A71-AD1A-49BA83DC3EDA}.Release|Any CPU.Build.0 = Release|Any CPU
	EndGlobalSection
	GlobalSection(NestedProjects) = preSolution
		{FAB00B00-1EE7-4C57-8B7B-85CDB4470F85} = {967B0D8A-016C-467B-837F-72D6BACA00F4}
		{25285991-8ADC-43E3-89DF-38AA780377D9} = {967B0D8A-016C-467B-837F-72D6BACA00F4}
		{133AEFD9-A729-4789-9507-156409D0CF01} = {967B0D8A-016C-467B-837F-72D6BACA00F4}
		{09EC18B9-9ECD-4259-951D-C21D07544C98} = {967B0D8A-016C-467B-837F-72D6BACA00F4}
		{87091D29-C81A-4368-8751-3617A5173B1B} = {967B0D8A-016C-467B-837F-72D6BACA00F4}
		{0E59EEC7-C5EB-4193-9761-BBADC8DFAF21} = {F42B8129-B245-42E7-A768-20DD34CF9EA8}
		{0E22D1E2-851E-45CE-9F83-0A2E4E80EF03} = {F42B8129-B245-42E7-A768-20DD34CF9EA8}
		{678E1246-D65A-49D0-B5EF-23EF1A88A53D} = {F42B8129-B245-42E7-A768-20DD34CF9EA8}
		{FC880BA4-BF5C-4A71-AD1A-49BA83DC3EDA} = {F42B8129-B245-42E7-A768-20DD34CF9EA8}
	EndGlobalSection
EndGlobal
